
Microsoft Visual Studio Solution File, Format Version 12.00
# Visual Studio Version 17
VisualStudioVersion = 17.4.33213.308
MinimumVisualStudioVersion = 10.0.40219.1
Project("{2150E333-8FDC-42A3-9474-1A3956D46DE8}") = "Solution Items", "Solution Items", "{C523F097-33FF-4484-A34E-C2D07DF63751}"
	ProjectSection(SolutionItems) = preProject
		.editorconfig = .editorconfig
	EndProjectSection
EndProject
Project("{9A19103F-16F7-4668-BE54-9A1E7A4F7556}") = "SharpChatwork", "SharpChatwork\SharpChatwork.csproj", "{2F598CB8-DA5A-4739-BA71-30E075B32D61}"
EndProject
Project("{9A19103F-16F7-4668-BE54-9A1E7A4F7556}") = "SharpChatwork.Test", "SharpChatwork.Test\SharpChatwork.Test.csproj", "{58167E26-09F4-4F9B-93B0-D5C12A63C6CB}"
EndProject
Global
	GlobalSection(SolutionConfigurationPlatforms) = preSolution
		Debug|Any CPU = Debug|Any CPU
		Release|Any CPU = Release|Any CPU
	EndGlobalSection
	GlobalSection(ProjectConfigurationPlatforms) = postSolution
		{2F598CB8-DA5A-4739-BA71-30E075B32D61}.Debug|Any CPU.ActiveCfg = Debug|Any CPU
		{2F598CB8-DA5A-4739-BA71-30E075B32D61}.Debug|Any CPU.Build.0 = Debug|Any CPU
		{2F598CB8-DA5A-4739-BA71-30E075B32D61}.Release|Any CPU.ActiveCfg = Release|Any CPU
		{2F598CB8-DA5A-4739-BA71-30E075B32D61}.Release|Any CPU.Build.0 = Release|Any CPU
		{58167E26-09F4-4F9B-93B0-D5C12A63C6CB}.Debug|Any CPU.ActiveCfg = Debug|Any CPU
		{58167E26-09F4-4F9B-93B0-D5C12A63C6CB}.Debug|Any CPU.Build.0 = Debug|Any CPU
		{58167E26-09F4-4F9B-93B0-D5C12A63C6CB}.Release|Any CPU.ActiveCfg = Release|Any CPU
		{58167E26-09F4-4F9B-93B0-D5C12A63C6CB}.Release|Any CPU.Build.0 = Release|Any CPU
	EndGlobalSection
	GlobalSection(SolutionProperties) = preSolution
		HideSolutionNode = FALSE
	EndGlobalSection
	GlobalSection(ExtensibilityGlobals) = postSolution
		SolutionGuid = {F6FDCA08-A797-4F2D-A494-D362B41DB282}
	EndGlobalSection
EndGlobal
